
Microsoft Visual Studio Solution File, Format Version 12.00
# Visual Studio Version 16
VisualStudioVersion = 16.0.31105.61
MinimumVisualStudioVersion = 10.0.40219.1
Project("{9A19103F-16F7-4668-BE54-9A1E7A4F7556}") = "Task3.1.TestPlace", "Task3.1.TestPlace\Task3.1.TestPlace.csproj", "{56307F49-46BD-430A-ADE6-EC3AAAFD8AD1}"
EndProject
Project("{FAE04EC0-301F-11D3-BF4B-00C04F79EFBC}") = "Task3.3.2", "Task3.3.2\Task3.3.2.csproj", "{61477A16-EF31-4F52-86E0-33990452A72A}"
EndProject
Project("{FAE04EC0-301F-11D3-BF4B-00C04F79EFBC}") = "Task3.3.1", "Task3.3.1\Task3.3.1.csproj", "{1FF546C4-9146-4083-A240-1D6BF44453BD}"
EndProject
Project("{FAE04EC0-301F-11D3-BF4B-00C04F79EFBC}") = "Task3.3.3", "Task3.3.3\Task3.3.3.csproj", "{DB8CE7B4-C965-41A5-B204-92A274E2B9B4}"
EndProject
Global
	GlobalSection(SolutionConfigurationPlatforms) = preSolution
		Debug|Any CPU = Debug|Any CPU
		Release|Any CPU = Release|Any CPU
	EndGlobalSection
	GlobalSection(ProjectConfigurationPlatforms) = postSolution
		{56307F49-46BD-430A-ADE6-EC3AAAFD8AD1}.Debug|Any CPU.ActiveCfg = Debug|Any CPU
		{56307F49-46BD-430A-ADE6-EC3AAAFD8AD1}.Debug|Any CPU.Build.0 = Debug|Any CPU
		{56307F49-46BD-430A-ADE6-EC3AAAFD8AD1}.Release|Any CPU.ActiveCfg = Release|Any CPU
		{56307F49-46BD-430A-ADE6-EC3AAAFD8AD1}.Release|Any CPU.Build.0 = Release|Any CPU
		{61477A16-EF31-4F52-86E0-33990452A72A}.Debug|Any CPU.ActiveCfg = Debug|Any CPU
		{61477A16-EF31-4F52-86E0-33990452A72A}.Debug|Any CPU.Build.0 = Debug|Any CPU
		{61477A16-EF31-4F52-86E0-33990452A72A}.Release|Any CPU.ActiveCfg = Release|Any CPU
		{61477A16-EF31-4F52-86E0-33990452A72A}.Release|Any CPU.Build.0 = Release|Any CPU
		{1FF546C4-9146-4083-A240-1D6BF44453BD}.Debug|Any CPU.ActiveCfg = Debug|Any CPU
		{1FF546C4-9146-4083-A240-1D6BF44453BD}.Debug|Any CPU.Build.0 = Debug|Any CPU
		{1FF546C4-9146-4083-A240-1D6BF44453BD}.Release|Any CPU.ActiveCfg = Release|Any CPU
		{1FF546C4-9146-4083-A240-1D6BF44453BD}.Release|Any CPU.Build.0 = Release|Any CPU
		{DB8CE7B4-C965-41A5-B204-92A274E2B9B4}.Debug|Any CPU.ActiveCfg = Debug|Any CPU
		{DB8CE7B4-C965-41A5-B204-92A274E2B9B4}.Debug|Any CPU.Build.0 = Debug|Any CPU
		{DB8CE7B4-C965-41A5-B204-92A274E2B9B4}.Release|Any CPU.ActiveCfg = Release|Any CPU
		{DB8CE7B4-C965-41A5-B204-92A274E2B9B4}.Release|Any CPU.Build.0 = Release|Any CPU
	EndGlobalSection
	GlobalSection(SolutionProperties) = preSolution
		HideSolutionNode = FALSE
	EndGlobalSection
	GlobalSection(ExtensibilityGlobals) = postSolution
		SolutionGuid = {C88B449C-EBD6-4F7A-8704-D4012E6A136E}
	EndGlobalSection
EndGlobal
