
Microsoft Visual Studio Solution File, Format Version 12.00
# Visual Studio Version 16
VisualStudioVersion = 16.0.31105.61
MinimumVisualStudioVersion = 10.0.40219.1
Project("{FAE04EC0-301F-11D3-BF4B-00C04F79EFBC}") = "Task 2.1.1", "Task 2.1.1\Task 2.1.1.csproj", "{6FB34FDE-5C4D-4148-98E5-4F8EF5EE21A6}"
EndProject
Project("{FAE04EC0-301F-11D3-BF4B-00C04F79EFBC}") = "Task 2.1.2", "Task 2.1.2\Task 2.1.2.csproj", "{BE0F0D12-306C-4AAE-A807-D63077D14057}"
EndProject
Project("{FAE04EC0-301F-11D3-BF4B-00C04F79EFBC}") = "CustomStringLibrary", "CustomStringLibrary\CustomStringLibrary.csproj", "{A032230D-951E-4B5D-ABB9-90850B9C8B97}"
EndProject
Global
	GlobalSection(SolutionConfigurationPlatforms) = preSolution
		Debug|Any CPU = Debug|Any CPU
		Release|Any CPU = Release|Any CPU
	EndGlobalSection
	GlobalSection(ProjectConfigurationPlatforms) = postSolution
		{6FB34FDE-5C4D-4148-98E5-4F8EF5EE21A6}.Debug|Any CPU.ActiveCfg = Debug|Any CPU
		{6FB34FDE-5C4D-4148-98E5-4F8EF5EE21A6}.Debug|Any CPU.Build.0 = Debug|Any CPU
		{6FB34FDE-5C4D-4148-98E5-4F8EF5EE21A6}.Release|Any CPU.ActiveCfg = Release|Any CPU
		{6FB34FDE-5C4D-4148-98E5-4F8EF5EE21A6}.Release|Any CPU.Build.0 = Release|Any CPU
		{BE0F0D12-306C-4AAE-A807-D63077D14057}.Debug|Any CPU.ActiveCfg = Debug|Any CPU
		{BE0F0D12-306C-4AAE-A807-D63077D14057}.Debug|Any CPU.Build.0 = Debug|Any CPU
		{BE0F0D12-306C-4AAE-A807-D63077D14057}.Release|Any CPU.ActiveCfg = Release|Any CPU
		{BE0F0D12-306C-4AAE-A807-D63077D14057}.Release|Any CPU.Build.0 = Release|Any CPU
		{A032230D-951E-4B5D-ABB9-90850B9C8B97}.Debug|Any CPU.ActiveCfg = Debug|Any CPU
		{A032230D-951E-4B5D-ABB9-90850B9C8B97}.Debug|Any CPU.Build.0 = Debug|Any CPU
		{A032230D-951E-4B5D-ABB9-90850B9C8B97}.Release|Any CPU.ActiveCfg = Release|Any CPU
		{A032230D-951E-4B5D-ABB9-90850B9C8B97}.Release|Any CPU.Build.0 = Release|Any CPU
	EndGlobalSection
	GlobalSection(SolutionProperties) = preSolution
		HideSolutionNode = FALSE
	EndGlobalSection
	GlobalSection(ExtensibilityGlobals) = postSolution
		SolutionGuid = {F921761B-99FE-4416-BCC5-EB3C7225EBEE}
	EndGlobalSection
EndGlobal
